
Microsoft Visual Studio Solution File, Format Version 12.00
# Visual Studio Version 17
VisualStudioVersion = 17.11.35219.272
MinimumVisualStudioVersion = 10.0.40219.1
Project("{FAE04EC0-301F-11D3-BF4B-00C04F79EFBC}") = "httpGetRequestWithToken_V_1.0", "httpGetRequestWithToken_V_1.0.csproj", "{F584CCA8-D16F-44E3-A9F0-3DBE69FA81C3}"
EndProject
Global
	GlobalSection(SolutionConfigurationPlatforms) = preSolution
		Debug|Any CPU = Debug|Any CPU
		Release|Any CPU = Release|Any CPU
	EndGlobalSection
	GlobalSection(ProjectConfigurationPlatforms) = postSolution
		{F584CCA8-D16F-44E3-A9F0-3DBE69FA81C3}.Debug|Any CPU.ActiveCfg = Debug|Any CPU
		{F584CCA8-D16F-44E3-A9F0-3DBE69FA81C3}.Debug|Any CPU.Build.0 = Debug|Any CPU
		{F584CCA8-D16F-44E3-A9F0-3DBE69FA81C3}.Release|Any CPU.ActiveCfg = Release|Any CPU
		{F584CCA8-D16F-44E3-A9F0-3DBE69FA81C3}.Release|Any CPU.Build.0 = Release|Any CPU
	EndGlobalSection
	GlobalSection(SolutionProperties) = preSolution
		HideSolutionNode = FALSE
	EndGlobalSection
	GlobalSection(ExtensibilityGlobals) = postSolution
		SolutionGuid = {EC116B03-0392-4A88-A11C-6DA0D8EA24A4}
	EndGlobalSection
EndGlobal
